<?xml version="1.0" encoding="utf-8"?>
<Project ToolsVersion="4.0" xmlns="http://schemas.microsoft.com/developer/msbuild/2003">
  <ItemGroup>
    <Filter Include="Source Files">
      <UniqueIdentifier>{4FC737F1-C7A5-4376-A066-2A32D752A2FF}</UniqueIdentifier>
      <Extensions>cpp;c;cc;cxx;def;odl;idl;hpj;bat;asm;asmx</Extensions>
    </Filter>
    <Filter Include="Header Files">
      <UniqueIdentifier>{93995380-89BD-4b04-88EB-625FBE52EBFB}</UniqueIdentifier>
      <Extensions>h;hh;hpp;hxx;hm;inl;inc;xsd</Extensions>
    </Filter>
    <Filter Include="Resource Files">
      <UniqueIdentifier>{67DA6AB6-F800-4c08-8B7A-83BB121AAD01}</UniqueIdentifier>
      <Extensions>rc;ico;cur;bmp;dlg;rc2;rct;bin;rgs;gif;jpg;jpeg;jpe;resx;tiff;tif;png;wav;mfcribbon-ms</Extensions>
    </Filter>
    <Filter Include="Shaders">
      <UniqueIdentifier>{87ea061d-160b-4a24-94e3-a7fa641de5b7}</UniqueIdentifier>
    </Filter>
    <Filter Include="glm stuff">
      <UniqueIdentifier>{51df5f7a-116c-4ca6-b34b-c55b1cd7fbfc}</UniqueIdentifier>
    </Filter>
  </ItemGroup>
  <ItemGroup>
    <ClInclude Include="Bullet.h">
      <Filter>Header Files</Filter>
    </ClInclude>
    <ClInclude Include="Camera.h">
      <Filter>Header Files</Filter>
    </ClInclude>
    <ClInclude Include="GameEntity.h">
      <Filter>Header Files</Filter>
    </ClInclude>
    <ClInclude Include="GameScene.h">
      <Filter>Header Files</Filter>
    </ClInclude>
    <ClInclude Include="Model.h">
      <Filter>Header Files</Filter>
    </ClInclude>
    <ClInclude Include="Planet.h">
      <Filter>Header Files</Filter>
    </ClInclude>
    <ClInclude Include="ShaderLoader.h">
      <Filter>Header Files</Filter>
    </ClInclude>
    <ClInclude Include="Utils.h">
      <Filter>Header Files</Filter>
    </ClInclude>
    <ClInclude Include="Cubemap.h">
      <Filter>Header Files</Filter>
    </ClInclude>
    <ClInclude Include="ReflectionModel.h">
      <Filter>Header Files</Filter>
    </ClInclude>
    <ClInclude Include="3DModel.h">
      <Filter>Header Files</Filter>
    </ClInclude>
    <ClInclude Include="Mesh.h">
      <Filter>Header Files</Filter>
    </ClInclude>
    <ClInclude Include="Light.h">
      <Filter>Header Files</Filter>
    </ClInclude>
    <ClInclude Include="Terrain.h">
      <Filter>Header Files</Filter>
    </ClInclude>
    <ClInclude Include="GeometryModel.h">
      <Filter>Header Files</Filter>
    </ClInclude>
    <ClInclude Include="TessModel.h">
      <Filter>Header Files</Filter>
    </ClInclude>
    <ClInclude Include="HeightGenerator.h">
      <Filter>Header Files</Filter>
    </ClInclude>
  </ItemGroup>
  <ItemGroup>
    <None Include="Coord_System_Texture_Quad.fs">
      <Filter>Shaders</Filter>
    </None>
    <None Include="Coord_System_Texture_Quad.vs">
      <Filter>Shaders</Filter>
    </None>
    <None Include="text.frag">
      <Filter>Shaders</Filter>
    </None>
    <None Include="text.vert">
      <Filter>Shaders</Filter>
    </None>
    <None Include="Skybox_Shader.vs">
      <Filter>Shaders</Filter>
    </None>
    <None Include="Skybox_Shader.fs">
      <Filter>Shaders</Filter>
    </None>
    <None Include="Reflection_Shader.vs">
      <Filter>Shaders</Filter>
    </None>
    <None Include="Reflection_Shader.fs">
      <Filter>Shaders</Filter>
    </None>
    <None Include="3D_Model_Shader.vs">
      <Filter>Shaders</Filter>
    </None>
    <None Include="3D_Model_Shader.fs">
      <Filter>Shaders</Filter>
    </None>
    <None Include="heightmap.fs">
      <Filter>Shaders</Filter>
    </None>
    <None Include="heightmap.vs">
      <Filter>Shaders</Filter>
    </None>
    <None Include="Star.vs">
      <Filter>Shaders</Filter>
    </None>
    <None Include="Star.gs">
      <Filter>Shaders</Filter>
    </None>
    <None Include="Star.fs">
      <Filter>Shaders</Filter>
    </None>
    <None Include="Quad.tes">
      <Filter>Shaders</Filter>
    </None>
    <None Include="Quad.tcs">
      <Filter>Shaders</Filter>
    </None>
    <None Include="Basic.fs">
      <Filter>Shaders</Filter>
    </None>
    <None Include="Basic.vs">
      <Filter>Shaders</Filter>
    </None>
  </ItemGroup>
  <ItemGroup>
    <ClCompile Include="Bullet.cpp">
      <Filter>Source Files</Filter>
    </ClCompile>
    <ClCompile Include="Camera.cpp">
      <Filter>Source Files</Filter>
    </ClCompile>
    <ClCompile Include="GameScene.cpp">
      <Filter>Source Files</Filter>
    </ClCompile>
    <ClCompile Include="Model.cpp">
      <Filter>Source Files</Filter>
    </ClCompile>
    <ClCompile Include="Planet.cpp">
      <Filter>Source Files</Filter>
    </ClCompile>
    <ClCompile Include="ShaderLoader.cpp">
      <Filter>Source Files</Filter>
    </ClCompile>
    <ClCompile Include="TextLabel.cpp">
      <Filter>Source Files</Filter>
    </ClCompile>
    <ClCompile Include="main.cpp">
      <Filter>Source Files</Filter>
    </ClCompile>
    <ClCompile Include="Utils.cpp">
      <Filter>Source Files</Filter>
    </ClCompile>
    <ClCompile Include="Cubemap.cpp">
      <Filter>Source Files</Filter>
    </ClCompile>
    <ClCompile Include="ReflectionModel.cpp">
      <Filter>Source Files</Filter>
    </ClCompile>
    <ClCompile Include="Light.cpp">
      <Filter>Source Files</Filter>
    </ClCompile>
    <ClCompile Include="Terrain.cpp">
      <Filter>Source Files</Filter>
    </ClCompile>
    <ClCompile Include="GeometryModel.cpp">
      <Filter>Source Files</Filter>
    </ClCompile>
    <ClCompile Include="TessModel.cpp">
      <Filter>Source Files</Filter>
    </ClCompile>
    <ClCompile Include="HeightGenerator.cpp">
      <Filter>Source Files</Filter>
    </ClCompile>
  </ItemGroup>
</Project>